# This file is autogenerated, do not edit; changes may be undone by the next 'dep ensure'.


[[projects]]
  branch = "master"
  digest = "1:62d7c9d697947fc6fdba5989d9fddd70c3dd3c415bb0e4e2cbd42a3acdc3ca9f"
  name = "github.com/bitrise-io/go-android"
  packages = ["cache"]
  pruneopts = "UT"
  revision = "a28433b493561a6575fcec699f93f124d22150d1"

[[projects]]
  branch = "master"
  digest = "1:5e4f167418977858782db1d8820e8c2ccd368c8857e0806bcbd07d0bc09e1e38"
  name = "github.com/bitrise-io/go-steputils"
  packages = [
    "cache",
    "stepconf",
    "tools",
  ]
  pruneopts = "UT"
  revision = "f540824d77dfd382ce84fd0ee0a9da2fba1cce0a"

[[projects]]
  branch = "master"
  digest = "1:ac36f3a24032ff200ada6cdc84bd53713607ab2926556bc5d2bb99b7dd902029"
  name = "github.com/bitrise-io/go-utils"
  packages = [
    "colorstring",
    "command",
    "errorutil",
    "fileutil",
    "log",
    "parseutil",
    "pathutil",
    "pointers",
    "retry",
  ]
  pruneopts = "UT"
  revision = "2c67c48e7086cfd8f9a29bfac2cd420d4dd1d2f9"

[[projects]]
  branch = "master"
  digest = "1:400e113a367b511b9b09ca642ee11d9885485a93838526d697033af334a2fdde"
  name = "github.com/kballard/go-shellquote"
  packages = ["."]
  pruneopts = "UT"
  revision = "95032a82bc518f77982ea72343cc1ade730072f0"

[[projects]]
  digest = "1:6baa565fe16f8657cf93469b2b8a6c61a277827734400d27e44d589547297279"
  name = "github.com/ryanuber/go-glob"
  packages = ["."]
  pruneopts = "UT"
  revision = "51a8f68e6c24dc43f1e371749c89a267de4ebc53"
  version = "v1.0.0"

[solve-meta]
  analyzer-name = "dep"
  analyzer-version = 1
  input-imports = [
    "github.com/bitrise-io/go-android/cache",
    "github.com/bitrise-io/go-steputils/stepconf",
    "github.com/bitrise-io/go-utils/command",
    "github.com/bitrise-io/go-utils/log",
    "github.com/bitrise-io/go-utils/pathutil",
    "github.com/bitrise-io/go-utils/retry",
    "github.com/kballard/go-shellquote",
    "github.com/ryanuber/go-glob",
  ]
  solver-name = "gps-cdcl"
  solver-version = 1
