# This file is autogenerated, do not edit; changes may be undone by the next 'dep ensure'.


[[projects]]
  digest = "1:bb1449042232e17167a8ed054128ae9f41f2ccdb7e3956903494524b946bab23"
  name = "github.com/bitrise-io/go-utils"
  packages = [
    "colorstring",
    "command",
    "errorutil",
    "fileutil",
    "log",
    "pathutil",
    "retry",
  ]
  pruneopts = "UT"
  revision = "6eb582e08179a025ed2deb86ea6dffbd13ba1ff6"

[[projects]]
  digest = "1:745a27ccb73de66f747cb9319cb0d60742445bf4bc7bde191a63c995fe5aceed"
  name = "github.com/bitrise-tools/go-steputils"
  packages = [
    "cache",
    "input",
    "tools",
  ]
  pruneopts = "UT"
  revision = "a848c9870ff7d745a8fb2a951e1c81fcb147b4ec"

[[projects]]
  digest = "1:968adb8d04fddfdd3c65bcf2e7942e7ca491dcb7c3f914671249d97e3ad0893a"
  name = "github.com/kballard/go-shellquote"
  packages = ["."]
  pruneopts = "UT"
  revision = "cd60e84ee657ff3dc51de0b4f55dd299a3e136f2"

[solve-meta]
  analyzer-name = "dep"
  analyzer-version = 1
  input-imports = [
    "github.com/bitrise-io/go-utils/command",
    "github.com/bitrise-io/go-utils/fileutil",
    "github.com/bitrise-io/go-utils/log",
    "github.com/bitrise-io/go-utils/pathutil",
    "github.com/bitrise-io/go-utils/retry",
    "github.com/bitrise-tools/go-steputils/cache",
    "github.com/bitrise-tools/go-steputils/input",
    "github.com/kballard/go-shellquote",
  ]
  solver-name = "gps-cdcl"
  solver-version = 1
